
Microsoft Visual Studio Solution File, Format Version 12.00
# Visual Studio Version 17
VisualStudioVersion = 17.0.31903.59
MinimumVisualStudioVersion = 10.0.40219.1
Project("{2150E333-8FDC-42A3-9474-1A3956D46DE8}") = "domain", "domain", "{996CEBED-A05B-5D42-3FF0-982E087A2599}"
EndProject
Project("{2150E333-8FDC-42A3-9474-1A3956D46DE8}") = "entities", "entities", "{1937F713-DA54-91D6-C834-663F3147DB79}"
EndProject
Project("{FAE04EC0-301F-11D3-BF4B-00C04F79EFBC}") = "astronautas.entity", "domain\entities\astronautas.entity\astronautas.entity.csproj", "{254E3196-7D09-42F3-AC38-0857968BCD1C}"
EndProject
Project("{2150E333-8FDC-42A3-9474-1A3956D46DE8}") = "ports", "ports", "{C7F4272C-3C49-21A9-12A9-578FBBBA269C}"
EndProject
Project("{FAE04EC0-301F-11D3-BF4B-00C04F79EFBC}") = "astronautas.port", "domain\ports\astronautas.port\astronautas.port.csproj", "{7F09AE8A-0A0F-41C5-BE63-837CF7496C37}"
EndProject
Project("{2150E333-8FDC-42A3-9474-1A3956D46DE8}") = "application", "application", "{A74F262E-BDE7-D5D2-89E9-785413424D0A}"
EndProject
Project("{2150E333-8FDC-42A3-9474-1A3956D46DE8}") = "use-case", "use-case", "{4F66C9E2-A7D4-67B0-8B29-11BFCF28651A}"
EndProject
Project("{FAE04EC0-301F-11D3-BF4B-00C04F79EFBC}") = "astronautas.usecase", "application\use-case\astronautas.usecase\astronautas.usecase.csproj", "{9305C9D9-4556-4FBB-A706-4AB1C388D360}"
EndProject
Project("{2150E333-8FDC-42A3-9474-1A3956D46DE8}") = "services", "services", "{C50DA5B5-9AF5-598E-B790-6F7BF9FCD59B}"
EndProject
Project("{FAE04EC0-301F-11D3-BF4B-00C04F79EFBC}") = "astronautas.service", "domain\services\astronautas.service\astronautas.service.csproj", "{04E2110C-4611-4DA0-A37A-FF0BC4BCE7FC}"
EndProject
Project("{2150E333-8FDC-42A3-9474-1A3956D46DE8}") = "infraestructure", "infraestructure", "{5F2D6C5E-958A-53A0-F165-1DE2881DEE8D}"
EndProject
Project("{2150E333-8FDC-42A3-9474-1A3956D46DE8}") = "adapters", "adapters", "{1AC6073A-2F72-53CB-328A-768249EFF28F}"
EndProject
Project("{FAE04EC0-301F-11D3-BF4B-00C04F79EFBC}") = "astronautas.adapter", "infraestructure\adapters\astronautas.adapter\astronautas.adapter.csproj", "{433A8723-61C0-4F46-822A-A303084C2BEC}"
EndProject
Project("{2150E333-8FDC-42A3-9474-1A3956D46DE8}") = "api", "api", "{64288B3F-57C7-FBA9-4F86-816841359A64}"
EndProject
Project("{FAE04EC0-301F-11D3-BF4B-00C04F79EFBC}") = "astronautas.api", "infraestructure\api\astronautas.api\astronautas.api.csproj", "{0AF094A4-C09F-461C-AE48-D93CE6B4A9C9}"
EndProject
Project("{2150E333-8FDC-42A3-9474-1A3956D46DE8}") = "common", "common", "{881589EE-639B-0A35-DBCE-5D94E4FC90C0}"
EndProject
Project("{FAE04EC0-301F-11D3-BF4B-00C04F79EFBC}") = "astronautas.common", "common\astronautas.common\astronautas.common.csproj", "{11AA40B4-44B2-4192-BDD8-B7BF47482B84}"
EndProject
Project("{2150E333-8FDC-42A3-9474-1A3956D46DE8}") = "dto", "dto", "{813F9012-6B45-470D-7350-F7ABAB49AC5A}"
EndProject
Project("{FAE04EC0-301F-11D3-BF4B-00C04F79EFBC}") = "astronautas.dto", "domain\dto\astronautas.dto\astronautas.dto.csproj", "{474E637B-ABED-4DD9-876E-95BF748C0A86}"
EndProject
Global
	GlobalSection(SolutionConfigurationPlatforms) = preSolution
		Debug|Any CPU = Debug|Any CPU
		Debug|x64 = Debug|x64
		Debug|x86 = Debug|x86
		Release|Any CPU = Release|Any CPU
		Release|x64 = Release|x64
		Release|x86 = Release|x86
	EndGlobalSection
	GlobalSection(ProjectConfigurationPlatforms) = postSolution
		{254E3196-7D09-42F3-AC38-0857968BCD1C}.Debug|Any CPU.ActiveCfg = Debug|Any CPU
		{254E3196-7D09-42F3-AC38-0857968BCD1C}.Debug|Any CPU.Build.0 = Debug|Any CPU
		{254E3196-7D09-42F3-AC38-0857968BCD1C}.Debug|x64.ActiveCfg = Debug|Any CPU
		{254E3196-7D09-42F3-AC38-0857968BCD1C}.Debug|x64.Build.0 = Debug|Any CPU
		{254E3196-7D09-42F3-AC38-0857968BCD1C}.Debug|x86.ActiveCfg = Debug|Any CPU
		{254E3196-7D09-42F3-AC38-0857968BCD1C}.Debug|x86.Build.0 = Debug|Any CPU
		{254E3196-7D09-42F3-AC38-0857968BCD1C}.Release|Any CPU.ActiveCfg = Release|Any CPU
		{254E3196-7D09-42F3-AC38-0857968BCD1C}.Release|Any CPU.Build.0 = Release|Any CPU
		{254E3196-7D09-42F3-AC38-0857968BCD1C}.Release|x64.ActiveCfg = Release|Any CPU
		{254E3196-7D09-42F3-AC38-0857968BCD1C}.Release|x64.Build.0 = Release|Any CPU
		{254E3196-7D09-42F3-AC38-0857968BCD1C}.Release|x86.ActiveCfg = Release|Any CPU
		{254E3196-7D09-42F3-AC38-0857968BCD1C}.Release|x86.Build.0 = Release|Any CPU
		{7F09AE8A-0A0F-41C5-BE63-837CF7496C37}.Debug|Any CPU.ActiveCfg = Debug|Any CPU
		{7F09AE8A-0A0F-41C5-BE63-837CF7496C37}.Debug|Any CPU.Build.0 = Debug|Any CPU
		{7F09AE8A-0A0F-41C5-BE63-837CF7496C37}.Debug|x64.ActiveCfg = Debug|Any CPU
		{7F09AE8A-0A0F-41C5-BE63-837CF7496C37}.Debug|x64.Build.0 = Debug|Any CPU
		{7F09AE8A-0A0F-41C5-BE63-837CF7496C37}.Debug|x86.ActiveCfg = Debug|Any CPU
		{7F09AE8A-0A0F-41C5-BE63-837CF7496C37}.Debug|x86.Build.0 = Debug|Any CPU
		{7F09AE8A-0A0F-41C5-BE63-837CF7496C37}.Release|Any CPU.ActiveCfg = Release|Any CPU
		{7F09AE8A-0A0F-41C5-BE63-837CF7496C37}.Release|Any CPU.Build.0 = Release|Any CPU
		{7F09AE8A-0A0F-41C5-BE63-837CF7496C37}.Release|x64.ActiveCfg = Release|Any CPU
		{7F09AE8A-0A0F-41C5-BE63-837CF7496C37}.Release|x64.Build.0 = Release|Any CPU
		{7F09AE8A-0A0F-41C5-BE63-837CF7496C37}.Release|x86.ActiveCfg = Release|Any CPU
		{7F09AE8A-0A0F-41C5-BE63-837CF7496C37}.Release|x86.Build.0 = Release|Any CPU
		{9305C9D9-4556-4FBB-A706-4AB1C388D360}.Debug|Any CPU.ActiveCfg = Debug|Any CPU
		{9305C9D9-4556-4FBB-A706-4AB1C388D360}.Debug|Any CPU.Build.0 = Debug|Any CPU
		{9305C9D9-4556-4FBB-A706-4AB1C388D360}.Debug|x64.ActiveCfg = Debug|Any CPU
		{9305C9D9-4556-4FBB-A706-4AB1C388D360}.Debug|x64.Build.0 = Debug|Any CPU
		{9305C9D9-4556-4FBB-A706-4AB1C388D360}.Debug|x86.ActiveCfg = Debug|Any CPU
		{9305C9D9-4556-4FBB-A706-4AB1C388D360}.Debug|x86.Build.0 = Debug|Any CPU
		{9305C9D9-4556-4FBB-A706-4AB1C388D360}.Release|Any CPU.ActiveCfg = Release|Any CPU
		{9305C9D9-4556-4FBB-A706-4AB1C388D360}.Release|Any CPU.Build.0 = Release|Any CPU
		{9305C9D9-4556-4FBB-A706-4AB1C388D360}.Release|x64.ActiveCfg = Release|Any CPU
		{9305C9D9-4556-4FBB-A706-4AB1C388D360}.Release|x64.Build.0 = Release|Any CPU
		{9305C9D9-4556-4FBB-A706-4AB1C388D360}.Release|x86.ActiveCfg = Release|Any CPU
		{9305C9D9-4556-4FBB-A706-4AB1C388D360}.Release|x86.Build.0 = Release|Any CPU
		{04E2110C-4611-4DA0-A37A-FF0BC4BCE7FC}.Debug|Any CPU.ActiveCfg = Debug|Any CPU
		{04E2110C-4611-4DA0-A37A-FF0BC4BCE7FC}.Debug|Any CPU.Build.0 = Debug|Any CPU
		{04E2110C-4611-4DA0-A37A-FF0BC4BCE7FC}.Debug|x64.ActiveCfg = Debug|Any CPU
		{04E2110C-4611-4DA0-A37A-FF0BC4BCE7FC}.Debug|x64.Build.0 = Debug|Any CPU
		{04E2110C-4611-4DA0-A37A-FF0BC4BCE7FC}.Debug|x86.ActiveCfg = Debug|Any CPU
		{04E2110C-4611-4DA0-A37A-FF0BC4BCE7FC}.Debug|x86.Build.0 = Debug|Any CPU
		{04E2110C-4611-4DA0-A37A-FF0BC4BCE7FC}.Release|Any CPU.ActiveCfg = Release|Any CPU
		{04E2110C-4611-4DA0-A37A-FF0BC4BCE7FC}.Release|Any CPU.Build.0 = Release|Any CPU
		{04E2110C-4611-4DA0-A37A-FF0BC4BCE7FC}.Release|x64.ActiveCfg = Release|Any CPU
		{04E2110C-4611-4DA0-A37A-FF0BC4BCE7FC}.Release|x64.Build.0 = Release|Any CPU
		{04E2110C-4611-4DA0-A37A-FF0BC4BCE7FC}.Release|x86.ActiveCfg = Release|Any CPU
		{04E2110C-4611-4DA0-A37A-FF0BC4BCE7FC}.Release|x86.Build.0 = Release|Any CPU
		{433A8723-61C0-4F46-822A-A303084C2BEC}.Debug|Any CPU.ActiveCfg = Debug|Any CPU
		{433A8723-61C0-4F46-822A-A303084C2BEC}.Debug|Any CPU.Build.0 = Debug|Any CPU
		{433A8723-61C0-4F46-822A-A303084C2BEC}.Debug|x64.ActiveCfg = Debug|Any CPU
		{433A8723-61C0-4F46-822A-A303084C2BEC}.Debug|x64.Build.0 = Debug|Any CPU
		{433A8723-61C0-4F46-822A-A303084C2BEC}.Debug|x86.ActiveCfg = Debug|Any CPU
		{433A8723-61C0-4F46-822A-A303084C2BEC}.Debug|x86.Build.0 = Debug|Any CPU
		{433A8723-61C0-4F46-822A-A303084C2BEC}.Release|Any CPU.ActiveCfg = Release|Any CPU
		{433A8723-61C0-4F46-822A-A303084C2BEC}.Release|Any CPU.Build.0 = Release|Any CPU
		{433A8723-61C0-4F46-822A-A303084C2BEC}.Release|x64.ActiveCfg = Release|Any CPU
		{433A8723-61C0-4F46-822A-A303084C2BEC}.Release|x64.Build.0 = Release|Any CPU
		{433A8723-61C0-4F46-822A-A303084C2BEC}.Release|x86.ActiveCfg = Release|Any CPU
		{433A8723-61C0-4F46-822A-A303084C2BEC}.Release|x86.Build.0 = Release|Any CPU
		{0AF094A4-C09F-461C-AE48-D93CE6B4A9C9}.Debug|Any CPU.ActiveCfg = Debug|Any CPU
		{0AF094A4-C09F-461C-AE48-D93CE6B4A9C9}.Debug|Any CPU.Build.0 = Debug|Any CPU
		{0AF094A4-C09F-461C-AE48-D93CE6B4A9C9}.Debug|x64.ActiveCfg = Debug|Any CPU
		{0AF094A4-C09F-461C-AE48-D93CE6B4A9C9}.Debug|x64.Build.0 = Debug|Any CPU
		{0AF094A4-C09F-461C-AE48-D93CE6B4A9C9}.Debug|x86.ActiveCfg = Debug|Any CPU
		{0AF094A4-C09F-461C-AE48-D93CE6B4A9C9}.Debug|x86.Build.0 = Debug|Any CPU
		{0AF094A4-C09F-461C-AE48-D93CE6B4A9C9}.Release|Any CPU.ActiveCfg = Release|Any CPU
		{0AF094A4-C09F-461C-AE48-D93CE6B4A9C9}.Release|Any CPU.Build.0 = Release|Any CPU
		{0AF094A4-C09F-461C-AE48-D93CE6B4A9C9}.Release|x64.ActiveCfg = Release|Any CPU
		{0AF094A4-C09F-461C-AE48-D93CE6B4A9C9}.Release|x64.Build.0 = Release|Any CPU
		{0AF094A4-C09F-461C-AE48-D93CE6B4A9C9}.Release|x86.ActiveCfg = Release|Any CPU
		{0AF094A4-C09F-461C-AE48-D93CE6B4A9C9}.Release|x86.Build.0 = Release|Any CPU
		{11AA40B4-44B2-4192-BDD8-B7BF47482B84}.Debug|Any CPU.ActiveCfg = Debug|Any CPU
		{11AA40B4-44B2-4192-BDD8-B7BF47482B84}.Debug|Any CPU.Build.0 = Debug|Any CPU
		{11AA40B4-44B2-4192-BDD8-B7BF47482B84}.Debug|x64.ActiveCfg = Debug|Any CPU
		{11AA40B4-44B2-4192-BDD8-B7BF47482B84}.Debug|x64.Build.0 = Debug|Any CPU
		{11AA40B4-44B2-4192-BDD8-B7BF47482B84}.Debug|x86.ActiveCfg = Debug|Any CPU
		{11AA40B4-44B2-4192-BDD8-B7BF47482B84}.Debug|x86.Build.0 = Debug|Any CPU
		{11AA40B4-44B2-4192-BDD8-B7BF47482B84}.Release|Any CPU.ActiveCfg = Release|Any CPU
		{11AA40B4-44B2-4192-BDD8-B7BF47482B84}.Release|Any CPU.Build.0 = Release|Any CPU
		{11AA40B4-44B2-4192-BDD8-B7BF47482B84}.Release|x64.ActiveCfg = Release|Any CPU
		{11AA40B4-44B2-4192-BDD8-B7BF47482B84}.Release|x64.Build.0 = Release|Any CPU
		{11AA40B4-44B2-4192-BDD8-B7BF47482B84}.Release|x86.ActiveCfg = Release|Any CPU
		{11AA40B4-44B2-4192-BDD8-B7BF47482B84}.Release|x86.Build.0 = Release|Any CPU
		{474E637B-ABED-4DD9-876E-95BF748C0A86}.Debug|Any CPU.ActiveCfg = Debug|Any CPU
		{474E637B-ABED-4DD9-876E-95BF748C0A86}.Debug|Any CPU.Build.0 = Debug|Any CPU
		{474E637B-ABED-4DD9-876E-95BF748C0A86}.Debug|x64.ActiveCfg = Debug|Any CPU
		{474E637B-ABED-4DD9-876E-95BF748C0A86}.Debug|x64.Build.0 = Debug|Any CPU
		{474E637B-ABED-4DD9-876E-95BF748C0A86}.Debug|x86.ActiveCfg = Debug|Any CPU
		{474E637B-ABED-4DD9-876E-95BF748C0A86}.Debug|x86.Build.0 = Debug|Any CPU
		{474E637B-ABED-4DD9-876E-95BF748C0A86}.Release|Any CPU.ActiveCfg = Release|Any CPU
		{474E637B-ABED-4DD9-876E-95BF748C0A86}.Release|Any CPU.Build.0 = Release|Any CPU
		{474E637B-ABED-4DD9-876E-95BF748C0A86}.Release|x64.ActiveCfg = Release|Any CPU
		{474E637B-ABED-4DD9-876E-95BF748C0A86}.Release|x64.Build.0 = Release|Any CPU
		{474E637B-ABED-4DD9-876E-95BF748C0A86}.Release|x86.ActiveCfg = Release|Any CPU
		{474E637B-ABED-4DD9-876E-95BF748C0A86}.Release|x86.Build.0 = Release|Any CPU
	EndGlobalSection
	GlobalSection(SolutionProperties) = preSolution
		HideSolutionNode = FALSE
	EndGlobalSection
	GlobalSection(NestedProjects) = preSolution
		{1937F713-DA54-91D6-C834-663F3147DB79} = {996CEBED-A05B-5D42-3FF0-982E087A2599}
		{254E3196-7D09-42F3-AC38-0857968BCD1C} = {1937F713-DA54-91D6-C834-663F3147DB79}
		{C7F4272C-3C49-21A9-12A9-578FBBBA269C} = {996CEBED-A05B-5D42-3FF0-982E087A2599}
		{7F09AE8A-0A0F-41C5-BE63-837CF7496C37} = {C7F4272C-3C49-21A9-12A9-578FBBBA269C}
		{4F66C9E2-A7D4-67B0-8B29-11BFCF28651A} = {A74F262E-BDE7-D5D2-89E9-785413424D0A}
		{9305C9D9-4556-4FBB-A706-4AB1C388D360} = {4F66C9E2-A7D4-67B0-8B29-11BFCF28651A}
		{C50DA5B5-9AF5-598E-B790-6F7BF9FCD59B} = {996CEBED-A05B-5D42-3FF0-982E087A2599}
		{04E2110C-4611-4DA0-A37A-FF0BC4BCE7FC} = {C50DA5B5-9AF5-598E-B790-6F7BF9FCD59B}
		{1AC6073A-2F72-53CB-328A-768249EFF28F} = {5F2D6C5E-958A-53A0-F165-1DE2881DEE8D}
		{433A8723-61C0-4F46-822A-A303084C2BEC} = {1AC6073A-2F72-53CB-328A-768249EFF28F}
		{64288B3F-57C7-FBA9-4F86-816841359A64} = {5F2D6C5E-958A-53A0-F165-1DE2881DEE8D}
		{0AF094A4-C09F-461C-AE48-D93CE6B4A9C9} = {64288B3F-57C7-FBA9-4F86-816841359A64}
		{11AA40B4-44B2-4192-BDD8-B7BF47482B84} = {881589EE-639B-0A35-DBCE-5D94E4FC90C0}
		{813F9012-6B45-470D-7350-F7ABAB49AC5A} = {996CEBED-A05B-5D42-3FF0-982E087A2599}
		{474E637B-ABED-4DD9-876E-95BF748C0A86} = {813F9012-6B45-470D-7350-F7ABAB49AC5A}
	EndGlobalSection
EndGlobal
